
Microsoft Visual Studio Solution File, Format Version 12.00
# Visual Studio Version 17
VisualStudioVersion = 17.4.33213.308
MinimumVisualStudioVersion = 10.0.40219.1
Project("{9A19103F-16F7-4668-BE54-9A1E7A4F7556}") = "RfidCreateAuth", "SaveRfid\RfidCreateAuth.csproj", "{0D57D859-A880-4139-88F5-7F902B05C4B9}"
EndProject
Project("{FAE04EC0-301F-11D3-BF4B-00C04F79EFBC}") = "RfidTest", "RfidTest\RfidTest.csproj", "{F2063939-2CC5-4AEB-846B-87BDD0632BF3}"
EndProject
Global
	GlobalSection(SolutionConfigurationPlatforms) = preSolution
		Debug|Any CPU = Debug|Any CPU
		Release|Any CPU = Release|Any CPU
	EndGlobalSection
	GlobalSection(ProjectConfigurationPlatforms) = postSolution
		{0D57D859-A880-4139-88F5-7F902B05C4B9}.Debug|Any CPU.ActiveCfg = Debug|Any CPU
		{0D57D859-A880-4139-88F5-7F902B05C4B9}.Debug|Any CPU.Build.0 = Debug|Any CPU
		{0D57D859-A880-4139-88F5-7F902B05C4B9}.Release|Any CPU.ActiveCfg = Release|Any CPU
		{0D57D859-A880-4139-88F5-7F902B05C4B9}.Release|Any CPU.Build.0 = Release|Any CPU
		{F2063939-2CC5-4AEB-846B-87BDD0632BF3}.Debug|Any CPU.ActiveCfg = Debug|Any CPU
		{F2063939-2CC5-4AEB-846B-87BDD0632BF3}.Debug|Any CPU.Build.0 = Debug|Any CPU
		{F2063939-2CC5-4AEB-846B-87BDD0632BF3}.Release|Any CPU.ActiveCfg = Release|Any CPU
		{F2063939-2CC5-4AEB-846B-87BDD0632BF3}.Release|Any CPU.Build.0 = Release|Any CPU
	EndGlobalSection
	GlobalSection(SolutionProperties) = preSolution
		HideSolutionNode = FALSE
	EndGlobalSection
	GlobalSection(ExtensibilityGlobals) = postSolution
		SolutionGuid = {B93DE096-F9F0-4F53-925B-DD97D89BAFEF}
	EndGlobalSection
EndGlobal
